{
  "name": "example-typescript-esm-consumer",
  "version": "1.0.0",
  "lockfileVersion": 3,
  "requires": true,
  "packages": {
    "": {
      "name": "example-typescript-esm-consumer",
      "version": "1.0.0",
      "dependencies": {
        "@ya-modbus/cli": "file:../../packages/cli",
        "@ya-modbus/device-profiler": "file:../../packages/device-profiler",
        "@ya-modbus/driver-ex9em": "file:../../packages/driver-ex9em",
        "@ya-modbus/driver-loader": "file:../../packages/driver-loader",
        "@ya-modbus/driver-sdk": "file:../../packages/driver-sdk",
        "@ya-modbus/driver-types": "file:../../packages/driver-types",
        "@ya-modbus/driver-xymd1": "file:../../packages/driver-xymd1",
        "@ya-modbus/emulator": "file:../../packages/emulator",
        "@ya-modbus/mqtt-bridge": "file:../../packages/mqtt-bridge",
        "@ya-modbus/transport": "file:../../packages/transport"
      },
      "devDependencies": {
        "typescript": "^5.7.2"
      }
    },
    "../../packages/cli": {
      "name": "@ya-modbus/cli",
      "version": "0.6.0",
      "license": "GPL-3.0-or-later",
      "dependencies": {
        "@ya-modbus/driver-loader": "^0.6.0",
        "@ya-modbus/driver-types": "^0.6.0",
        "@ya-modbus/transport": "^0.6.0",
        "chalk": "^5.3.0",
        "cli-table3": "^0.6.3",
        "commander": "^14.0.2"
      },
      "bin": {
        "ya-modbus": "dist/esm/bin/ya-modbus.js"
      },
      "devDependencies": {
        "@types/node": "^20.10.6",
        "jest": "^30.2.0",
        "ts-jest": "^29.1.1",
        "typescript": "^5.7.2"
      },
      "engines": {
        "node": ">=20.0.0"
      }
    },
    "../../packages/device-profiler": {
      "name": "@ya-modbus/device-profiler",
      "version": "0.6.0",
      "license": "GPL-3.0-or-later",
      "dependencies": {
        "@ya-modbus/driver-types": "^0.6.0",
        "@ya-modbus/transport": "^0.6.0",
        "chalk": "^5.3.0",
        "cli-table3": "^0.6.3",
        "commander": "^14.0.2"
      },
      "bin": {
        "ya-modbus-profile": "dist/esm/bin/profile.js"
      },
      "devDependencies": {
        "@types/node": "^20.10.6",
        "jest": "^30.2.0",
        "ts-jest": "^29.1.1",
        "typescript": "^5.7.2"
      },
      "engines": {
        "node": ">=20.0.0"
      }
    },
    "../../packages/driver-ex9em": {
      "name": "@ya-modbus/driver-ex9em",
      "version": "0.4.3",
      "license": "GPL-3.0-or-later",
      "dependencies": {
        "@ya-modbus/driver-sdk": "^0.6.0",
        "@ya-modbus/driver-types": "^0.6.0"
      },
      "devDependencies": {
        "@ya-modbus/cli": "^0.6.0"
      },
      "engines": {
        "node": ">=20.0.0"
      }
    },
    "../../packages/driver-loader": {
      "name": "@ya-modbus/driver-loader",
      "version": "0.6.0",
      "license": "GPL-3.0-or-later",
      "dependencies": {
        "@ya-modbus/driver-types": "^0.6.0"
      },
      "engines": {
        "node": ">=20.0.0"
      },
      "peerDependencies": {
        "jest": ">=29.0.0"
      },
      "peerDependenciesMeta": {
        "jest": {
          "optional": true
        }
      }
    },
    "../../packages/driver-sdk": {
      "name": "@ya-modbus/driver-sdk",
      "version": "0.6.0",
      "license": "GPL-3.0-or-later",
      "dependencies": {
        "@ya-modbus/driver-types": "^0.6.0"
      },
      "engines": {
        "node": ">=20.0.0"
      }
    },
    "../../packages/driver-types": {
      "name": "@ya-modbus/driver-types",
      "version": "0.6.0",
      "license": "GPL-3.0-or-later",
      "engines": {
        "node": ">=20.0.0"
      }
    },
    "../../packages/driver-xymd1": {
      "name": "@ya-modbus/driver-xymd1",
      "version": "0.4.3",
      "license": "GPL-3.0-or-later",
      "dependencies": {
        "@ya-modbus/driver-sdk": "^0.6.0",
        "@ya-modbus/driver-types": "^0.6.0"
      },
      "devDependencies": {
        "@ya-modbus/cli": "^0.6.0"
      },
      "engines": {
        "node": ">=20.0.0"
      }
    },
    "../../packages/emulator": {
      "name": "@ya-modbus/emulator",
      "version": "0.6.0",
      "license": "GPL-3.0-or-later",
      "dependencies": {
        "commander": "^14.0.2",
        "js-yaml": "^4.1.0",
        "modbus-serial": "^8.0.23"
      },
      "bin": {
        "ya-modbus-emulator": "bin/ya-modbus-emulator.js"
      },
      "devDependencies": {
        "@types/js-yaml": "^4.0.9"
      },
      "engines": {
        "node": ">=20.0.0"
      }
    },
    "../../packages/mqtt-bridge": {
      "name": "@ya-modbus/mqtt-bridge",
      "version": "0.6.0",
      "license": "GPL-3.0-or-later",
      "dependencies": {
        "@ya-modbus/driver-loader": "^0.6.0",
        "@ya-modbus/driver-types": "^0.6.0",
        "@ya-modbus/transport": "^0.6.0",
        "chalk": "^5.6.2",
        "commander": "^14.0.2",
        "mqtt": "^5.14.1",
        "zod": "^4.3.2"
      },
      "bin": {
        "ya-modbus-bridge": "dist/esm/bin/ya-modbus-bridge.js"
      },
      "devDependencies": {
        "@types/node": "^20.10.6",
        "aedes": "^0.51.3",
        "jest": "^30.2.0",
        "ts-jest": "^29.1.1",
        "typescript": "^5.7.2"
      },
      "engines": {
        "node": ">=20.0.0"
      }
    },
    "../../packages/transport": {
      "name": "@ya-modbus/transport",
      "version": "0.6.0",
      "license": "GPL-3.0-or-later",
      "dependencies": {
        "@ya-modbus/driver-types": "^0.6.0",
        "async-mutex": "^0.5.0",
        "modbus-serial": "^8.0.18"
      },
      "engines": {
        "node": ">=20.0.0"
      }
    },
    "node_modules/@ya-modbus/cli": {
      "resolved": "../../packages/cli",
      "link": true
    },
    "node_modules/@ya-modbus/device-profiler": {
      "resolved": "../../packages/device-profiler",
      "link": true
    },
    "node_modules/@ya-modbus/driver-ex9em": {
      "resolved": "../../packages/driver-ex9em",
      "link": true
    },
    "node_modules/@ya-modbus/driver-loader": {
      "resolved": "../../packages/driver-loader",
      "link": true
    },
    "node_modules/@ya-modbus/driver-sdk": {
      "resolved": "../../packages/driver-sdk",
      "link": true
    },
    "node_modules/@ya-modbus/driver-types": {
      "resolved": "../../packages/driver-types",
      "link": true
    },
    "node_modules/@ya-modbus/driver-xymd1": {
      "resolved": "../../packages/driver-xymd1",
      "link": true
    },
    "node_modules/@ya-modbus/emulator": {
      "resolved": "../../packages/emulator",
      "link": true
    },
    "node_modules/@ya-modbus/mqtt-bridge": {
      "resolved": "../../packages/mqtt-bridge",
      "link": true
    },
    "node_modules/@ya-modbus/transport": {
      "resolved": "../../packages/transport",
      "link": true
    },
    "node_modules/typescript": {
      "version": "5.9.3",
      "resolved": "https://registry.npmjs.org/typescript/-/typescript-5.9.3.tgz",
      "integrity": "sha512-jl1vZzPDinLr9eUt3J/t7V6FgNEw9QjvBPdysz9KfQDD41fQrC2Y4vKQdiaUpFT4bXlb1RHhLpp8wtm6M5TgSw==",
      "dev": true,
      "license": "Apache-2.0",
      "bin": {
        "tsc": "bin/tsc",
        "tsserver": "bin/tsserver"
      },
      "engines": {
        "node": ">=14.17"
      }
    }
  }
}
