{
  "name": "example-esm-consumer",
  "version": "1.0.0",
  "lockfileVersion": 3,
  "requires": true,
  "packages": {
    "": {
      "name": "example-esm-consumer",
      "version": "1.0.0",
      "dependencies": {
        "@ya-modbus/driver-sdk": "file:../../packages/driver-sdk",
        "@ya-modbus/driver-types": "file:../../packages/driver-types",
        "@ya-modbus/driver-xymd1": "file:../../packages/driver-xymd1",
        "@ya-modbus/transport": "file:../../packages/transport"
      }
    },
    "../../packages/driver-sdk": {
      "name": "@ya-modbus/driver-sdk",
      "version": "0.6.0",
      "license": "GPL-3.0-or-later",
      "dependencies": {
        "@ya-modbus/driver-types": "^0.6.0"
      },
      "engines": {
        "node": ">=20.0.0"
      }
    },
    "../../packages/driver-types": {
      "name": "@ya-modbus/driver-types",
      "version": "0.6.0",
      "license": "GPL-3.0-or-later",
      "engines": {
        "node": ">=20.0.0"
      }
    },
    "../../packages/driver-xymd1": {
      "name": "@ya-modbus/driver-xymd1",
      "version": "0.4.3",
      "license": "GPL-3.0-or-later",
      "dependencies": {
        "@ya-modbus/driver-sdk": "^0.6.0",
        "@ya-modbus/driver-types": "^0.6.0"
      },
      "devDependencies": {
        "@ya-modbus/cli": "^0.6.0"
      },
      "engines": {
        "node": ">=20.0.0"
      }
    },
    "../../packages/transport": {
      "name": "@ya-modbus/transport",
      "version": "0.6.0",
      "license": "GPL-3.0-or-later",
      "dependencies": {
        "@ya-modbus/driver-types": "^0.6.0",
        "async-mutex": "^0.5.0",
        "modbus-serial": "^8.0.18"
      },
      "engines": {
        "node": ">=20.0.0"
      }
    },
    "node_modules/@ya-modbus/driver-sdk": {
      "resolved": "../../packages/driver-sdk",
      "link": true
    },
    "node_modules/@ya-modbus/driver-types": {
      "resolved": "../../packages/driver-types",
      "link": true
    },
    "node_modules/@ya-modbus/driver-xymd1": {
      "resolved": "../../packages/driver-xymd1",
      "link": true
    },
    "node_modules/@ya-modbus/transport": {
      "resolved": "../../packages/transport",
      "link": true
    }
  }
}
