{
  "name": "example-typescript-cjs-consumer",
  "version": "1.0.0",
  "lockfileVersion": 3,
  "requires": true,
  "packages": {
    "": {
      "name": "example-typescript-cjs-consumer",
      "version": "1.0.0",
      "dependencies": {
        "@ya-modbus/driver-sdk": "file:../../packages/driver-sdk",
        "@ya-modbus/driver-types": "file:../../packages/driver-types",
        "@ya-modbus/driver-xymd1": "file:../../packages/driver-xymd1",
        "@ya-modbus/transport": "file:../../packages/transport"
      },
      "devDependencies": {
        "@types/node": "^20.10.6",
        "typescript": "^5.7.2"
      }
    },
    "../../packages/driver-sdk": {
      "name": "@ya-modbus/driver-sdk",
      "version": "0.6.0",
      "license": "GPL-3.0-or-later",
      "dependencies": {
        "@ya-modbus/driver-types": "^0.6.0"
      },
      "engines": {
        "node": ">=20.0.0"
      }
    },
    "../../packages/driver-types": {
      "name": "@ya-modbus/driver-types",
      "version": "0.6.0",
      "license": "GPL-3.0-or-later",
      "engines": {
        "node": ">=20.0.0"
      }
    },
    "../../packages/driver-xymd1": {
      "name": "@ya-modbus/driver-xymd1",
      "version": "0.4.3",
      "license": "GPL-3.0-or-later",
      "dependencies": {
        "@ya-modbus/driver-sdk": "^0.6.0",
        "@ya-modbus/driver-types": "^0.6.0"
      },
      "devDependencies": {
        "@ya-modbus/cli": "^0.6.0"
      },
      "engines": {
        "node": ">=20.0.0"
      }
    },
    "../../packages/transport": {
      "name": "@ya-modbus/transport",
      "version": "0.6.0",
      "license": "GPL-3.0-or-later",
      "dependencies": {
        "@ya-modbus/driver-types": "^0.6.0",
        "async-mutex": "^0.5.0",
        "modbus-serial": "^8.0.18"
      },
      "engines": {
        "node": ">=20.0.0"
      }
    },
    "node_modules/@types/node": {
      "version": "20.19.28",
      "resolved": "https://registry.npmjs.org/@types/node/-/node-20.19.28.tgz",
      "integrity": "sha512-VyKBr25BuFDzBFCK5sUM6ZXiWfqgCTwTAOK8qzGV/m9FCirXYDlmczJ+d5dXBAQALGCdRRdbteKYfJ84NGEusw==",
      "dev": true,
      "license": "MIT",
      "dependencies": {
        "undici-types": "~6.21.0"
      }
    },
    "node_modules/@ya-modbus/driver-sdk": {
      "resolved": "../../packages/driver-sdk",
      "link": true
    },
    "node_modules/@ya-modbus/driver-types": {
      "resolved": "../../packages/driver-types",
      "link": true
    },
    "node_modules/@ya-modbus/driver-xymd1": {
      "resolved": "../../packages/driver-xymd1",
      "link": true
    },
    "node_modules/@ya-modbus/transport": {
      "resolved": "../../packages/transport",
      "link": true
    },
    "node_modules/typescript": {
      "version": "5.9.3",
      "resolved": "https://registry.npmjs.org/typescript/-/typescript-5.9.3.tgz",
      "integrity": "sha512-jl1vZzPDinLr9eUt3J/t7V6FgNEw9QjvBPdysz9KfQDD41fQrC2Y4vKQdiaUpFT4bXlb1RHhLpp8wtm6M5TgSw==",
      "dev": true,
      "license": "Apache-2.0",
      "bin": {
        "tsc": "bin/tsc",
        "tsserver": "bin/tsserver"
      },
      "engines": {
        "node": ">=14.17"
      }
    },
    "node_modules/undici-types": {
      "version": "6.21.0",
      "resolved": "https://registry.npmjs.org/undici-types/-/undici-types-6.21.0.tgz",
      "integrity": "sha512-iwDZqg0QAGrg9Rav5H4n0M64c3mkR59cJ6wQp+7C4nI0gsmExaedaYLNO44eT4AtBBwjbTiGPMlt2Md0T9H9JQ==",
      "dev": true,
      "license": "MIT"
    }
  }
}
